
Microsoft Visual Studio Solution File, Format Version 12.00
# Visual Studio Version 17
VisualStudioVersion = 17.4.33110.190
MinimumVisualStudioVersion = 10.0.40219.1
Project("{9A19103F-16F7-4668-BE54-9A1E7A4F7556}") = "StudentAdminPortal.API", "StudentAdminPortal.API.csproj", "{F9748B88-9231-4F52-AAF4-7A7987C5629C}"
EndProject
Global
	GlobalSection(SolutionConfigurationPlatforms) = preSolution
		Debug|Any CPU = Debug|Any CPU
		Release|Any CPU = Release|Any CPU
	EndGlobalSection
	GlobalSection(ProjectConfigurationPlatforms) = postSolution
		{F9748B88-9231-4F52-AAF4-7A7987C5629C}.Debug|Any CPU.ActiveCfg = Debug|Any CPU
		{F9748B88-9231-4F52-AAF4-7A7987C5629C}.Debug|Any CPU.Build.0 = Debug|Any CPU
		{F9748B88-9231-4F52-AAF4-7A7987C5629C}.Release|Any CPU.ActiveCfg = Release|Any CPU
		{F9748B88-9231-4F52-AAF4-7A7987C5629C}.Release|Any CPU.Build.0 = Release|Any CPU
	EndGlobalSection
	GlobalSection(SolutionProperties) = preSolution
		HideSolutionNode = FALSE
	EndGlobalSection
	GlobalSection(ExtensibilityGlobals) = postSolution
		SolutionGuid = {6AF509D8-D7A8-48E0-9F53-BBB906FF9D3D}
	EndGlobalSection
EndGlobal
